
Microsoft Visual Studio Solution File, Format Version 12.00
# Visual Studio 2012
Project("{FAE04EC0-301F-11D3-BF4B-00C04F79EFBC}") = "TestIntelReporter", "TestIntelReporter\TestIntelReporter.csproj", "{8A11D8A0-4617-453C-AE27-3D7F3A4B2BA7}"
	ProjectSection(ProjectDependencies) = postProject
		{ABD419D9-BDB9-40F9-AA87-C9E3876ACD51} = {ABD419D9-BDB9-40F9-AA87-C9E3876ACD51}
	EndProjectSection
EndProject
Project("{FAE04EC0-301F-11D3-BF4B-00C04F79EFBC}") = "PleaseIgnore.IntelMap", "PleaseIgnore.IntelMap\PleaseIgnore.IntelMap.csproj", "{D1E7409E-4ECF-4D2B-B523-94A40BE248D8}"
EndProject
Project("{2150E333-8FDC-42A3-9474-1A3956D46DE8}") = "Solution Items", "Solution Items", "{09AEE189-AE6F-475A-9926-B254B2383FBB}"
	ProjectSection(SolutionItems) = preProject
		PleaseIgnore.snk = PleaseIgnore.snk
		ProductInfo.cs = ProductInfo.cs
		TestIntelReporter.nsi = TestIntelReporter.nsi
		updates.xml = updates.xml
	EndProjectSection
EndProject
Project("{FAE04EC0-301F-11D3-BF4B-00C04F79EFBC}") = "PleaseIgnore.IntelMap.Tests", "PleaseIgnore.IntelMap.Tests\PleaseIgnore.IntelMap.Tests.csproj", "{C8285E6F-3FC5-48E0-BB96-EA6EECC1429C}"
EndProject
Project("{FAE04EC0-301F-11D3-BF4B-00C04F79EFBC}") = "PostBuild", "PostBuild\PostBuild.csproj", "{ABD419D9-BDB9-40F9-AA87-C9E3876ACD51}"
EndProject
Global
	GlobalSection(SolutionConfigurationPlatforms) = preSolution
		Code Analysis|Any CPU = Code Analysis|Any CPU
		Debug|Any CPU = Debug|Any CPU
		Release|Any CPU = Release|Any CPU
	EndGlobalSection
	GlobalSection(ProjectConfigurationPlatforms) = postSolution
		{8A11D8A0-4617-453C-AE27-3D7F3A4B2BA7}.Code Analysis|Any CPU.ActiveCfg = Release|Any CPU
		{8A11D8A0-4617-453C-AE27-3D7F3A4B2BA7}.Code Analysis|Any CPU.Build.0 = Release|Any CPU
		{8A11D8A0-4617-453C-AE27-3D7F3A4B2BA7}.Debug|Any CPU.ActiveCfg = Debug|Any CPU
		{8A11D8A0-4617-453C-AE27-3D7F3A4B2BA7}.Debug|Any CPU.Build.0 = Debug|Any CPU
		{8A11D8A0-4617-453C-AE27-3D7F3A4B2BA7}.Release|Any CPU.ActiveCfg = Release|Any CPU
		{8A11D8A0-4617-453C-AE27-3D7F3A4B2BA7}.Release|Any CPU.Build.0 = Release|Any CPU
		{D1E7409E-4ECF-4D2B-B523-94A40BE248D8}.Code Analysis|Any CPU.ActiveCfg = Code Analysis|Any CPU
		{D1E7409E-4ECF-4D2B-B523-94A40BE248D8}.Code Analysis|Any CPU.Build.0 = Code Analysis|Any CPU
		{D1E7409E-4ECF-4D2B-B523-94A40BE248D8}.Debug|Any CPU.ActiveCfg = Debug|Any CPU
		{D1E7409E-4ECF-4D2B-B523-94A40BE248D8}.Debug|Any CPU.Build.0 = Debug|Any CPU
		{D1E7409E-4ECF-4D2B-B523-94A40BE248D8}.Release|Any CPU.ActiveCfg = Release|Any CPU
		{D1E7409E-4ECF-4D2B-B523-94A40BE248D8}.Release|Any CPU.Build.0 = Release|Any CPU
		{C8285E6F-3FC5-48E0-BB96-EA6EECC1429C}.Code Analysis|Any CPU.ActiveCfg = Release|Any CPU
		{C8285E6F-3FC5-48E0-BB96-EA6EECC1429C}.Code Analysis|Any CPU.Build.0 = Release|Any CPU
		{C8285E6F-3FC5-48E0-BB96-EA6EECC1429C}.Debug|Any CPU.ActiveCfg = Debug|Any CPU
		{C8285E6F-3FC5-48E0-BB96-EA6EECC1429C}.Debug|Any CPU.Build.0 = Debug|Any CPU
		{C8285E6F-3FC5-48E0-BB96-EA6EECC1429C}.Release|Any CPU.ActiveCfg = Release|Any CPU
		{C8285E6F-3FC5-48E0-BB96-EA6EECC1429C}.Release|Any CPU.Build.0 = Release|Any CPU
		{ABD419D9-BDB9-40F9-AA87-C9E3876ACD51}.Code Analysis|Any CPU.ActiveCfg = Release|Any CPU
		{ABD419D9-BDB9-40F9-AA87-C9E3876ACD51}.Code Analysis|Any CPU.Build.0 = Release|Any CPU
		{ABD419D9-BDB9-40F9-AA87-C9E3876ACD51}.Debug|Any CPU.ActiveCfg = Debug|Any CPU
		{ABD419D9-BDB9-40F9-AA87-C9E3876ACD51}.Debug|Any CPU.Build.0 = Debug|Any CPU
		{ABD419D9-BDB9-40F9-AA87-C9E3876ACD51}.Release|Any CPU.ActiveCfg = Release|Any CPU
		{ABD419D9-BDB9-40F9-AA87-C9E3876ACD51}.Release|Any CPU.Build.0 = Release|Any CPU
	EndGlobalSection
	GlobalSection(SolutionProperties) = preSolution
		HideSolutionNode = FALSE
	EndGlobalSection
EndGlobal
